
Microsoft Visual Studio Solution File, Format Version 12.00
# Visual Studio Version 16
VisualStudioVersion = 16.0.30621.155
MinimumVisualStudioVersion = 15.0.26124.0
Project("{2150E333-8FDC-42A3-9474-1A3956D46DE8}") = "src", "src", "{CE4D30E5-CFE2-4433-BF3D-F9E1E7971F86}"
EndProject
Project("{2150E333-8FDC-42A3-9474-1A3956D46DE8}") = "Solution Items", "Solution Items", "{EF5BE589-7FF2-4026-ACC5-02CF63D1E47E}"
	ProjectSection(SolutionItems) = preProject
		README.md = README.md
	EndProjectSection
EndProject
Project("{2150E333-8FDC-42A3-9474-1A3956D46DE8}") = "ChapterOne", "ChapterOne", "{74860458-B9A1-4B30-9452-B7CB0B02814F}"
EndProject
Project("{FAE04EC0-301F-11D3-BF4B-00C04F79EFBC}") = "HelloMongoDb", "src\ChapterOne\HelloMongoDb\HelloMongoDb.csproj", "{EAD9807E-2864-4622-97B8-5FC3B090A464}"
EndProject
Project("{FAE04EC0-301F-11D3-BF4B-00C04F79EFBC}") = "FindLastMovie", "src\ChapterOne\FindLastMovie\FindLastMovie.csproj", "{A2B340A0-784C-492B-90A0-D522E949B9FF}"
EndProject
Project("{FAE04EC0-301F-11D3-BF4B-00C04F79EFBC}") = "AtlasConnectionString", "src\ChapterOne\AtlasConnectionString\AtlasConnectionString.csproj", "{D96727B9-ADC1-4832-B768-62E6AC8D26A7}"
EndProject
Project("{2150E333-8FDC-42A3-9474-1A3956D46DE8}") = "CourseProject", "CourseProject", "{1D99B9B6-3E48-4B36-9D45-6274E1CEF4AE}"
EndProject
Project("{9A19103F-16F7-4668-BE54-9A1E7A4F7556}") = "M220N", "src\CourseProject\M220N\M220N.csproj", "{1B98537D-4813-43ED-B9F8-B067ABD2E5B8}"
EndProject
Project("{9A19103F-16F7-4668-BE54-9A1E7A4F7556}") = "M220NTests", "src\CourseProject\M220NTests\M220NTests.csproj", "{9BC04058-0EFA-4D54-A70A-8E3AB3A9BC11}"
EndProject
Project("{9A19103F-16F7-4668-BE54-9A1E7A4F7556}") = "Migrator", "src\CourseProject\Migrator\Migrator.csproj", "{C00A7AAC-20B6-42BB-932C-D8D46D0DEEBF}"
EndProject
Global
	GlobalSection(SolutionConfigurationPlatforms) = preSolution
		Debug|Any CPU = Debug|Any CPU
		Debug|x64 = Debug|x64
		Debug|x86 = Debug|x86
		Release|Any CPU = Release|Any CPU
		Release|x64 = Release|x64
		Release|x86 = Release|x86
	EndGlobalSection
	GlobalSection(ProjectConfigurationPlatforms) = postSolution
		{EAD9807E-2864-4622-97B8-5FC3B090A464}.Debug|Any CPU.ActiveCfg = Debug|Any CPU
		{EAD9807E-2864-4622-97B8-5FC3B090A464}.Debug|Any CPU.Build.0 = Debug|Any CPU
		{EAD9807E-2864-4622-97B8-5FC3B090A464}.Debug|x64.ActiveCfg = Debug|Any CPU
		{EAD9807E-2864-4622-97B8-5FC3B090A464}.Debug|x64.Build.0 = Debug|Any CPU
		{EAD9807E-2864-4622-97B8-5FC3B090A464}.Debug|x86.ActiveCfg = Debug|Any CPU
		{EAD9807E-2864-4622-97B8-5FC3B090A464}.Debug|x86.Build.0 = Debug|Any CPU
		{EAD9807E-2864-4622-97B8-5FC3B090A464}.Release|Any CPU.ActiveCfg = Release|Any CPU
		{EAD9807E-2864-4622-97B8-5FC3B090A464}.Release|Any CPU.Build.0 = Release|Any CPU
		{EAD9807E-2864-4622-97B8-5FC3B090A464}.Release|x64.ActiveCfg = Release|Any CPU
		{EAD9807E-2864-4622-97B8-5FC3B090A464}.Release|x64.Build.0 = Release|Any CPU
		{EAD9807E-2864-4622-97B8-5FC3B090A464}.Release|x86.ActiveCfg = Release|Any CPU
		{EAD9807E-2864-4622-97B8-5FC3B090A464}.Release|x86.Build.0 = Release|Any CPU
		{A2B340A0-784C-492B-90A0-D522E949B9FF}.Debug|Any CPU.ActiveCfg = Debug|Any CPU
		{A2B340A0-784C-492B-90A0-D522E949B9FF}.Debug|Any CPU.Build.0 = Debug|Any CPU
		{A2B340A0-784C-492B-90A0-D522E949B9FF}.Debug|x64.ActiveCfg = Debug|Any CPU
		{A2B340A0-784C-492B-90A0-D522E949B9FF}.Debug|x64.Build.0 = Debug|Any CPU
		{A2B340A0-784C-492B-90A0-D522E949B9FF}.Debug|x86.ActiveCfg = Debug|Any CPU
		{A2B340A0-784C-492B-90A0-D522E949B9FF}.Debug|x86.Build.0 = Debug|Any CPU
		{A2B340A0-784C-492B-90A0-D522E949B9FF}.Release|Any CPU.ActiveCfg = Release|Any CPU
		{A2B340A0-784C-492B-90A0-D522E949B9FF}.Release|Any CPU.Build.0 = Release|Any CPU
		{A2B340A0-784C-492B-90A0-D522E949B9FF}.Release|x64.ActiveCfg = Release|Any CPU
		{A2B340A0-784C-492B-90A0-D522E949B9FF}.Release|x64.Build.0 = Release|Any CPU
		{A2B340A0-784C-492B-90A0-D522E949B9FF}.Release|x86.ActiveCfg = Release|Any CPU
		{A2B340A0-784C-492B-90A0-D522E949B9FF}.Release|x86.Build.0 = Release|Any CPU
		{D96727B9-ADC1-4832-B768-62E6AC8D26A7}.Debug|Any CPU.ActiveCfg = Debug|Any CPU
		{D96727B9-ADC1-4832-B768-62E6AC8D26A7}.Debug|Any CPU.Build.0 = Debug|Any CPU
		{D96727B9-ADC1-4832-B768-62E6AC8D26A7}.Debug|x64.ActiveCfg = Debug|Any CPU
		{D96727B9-ADC1-4832-B768-62E6AC8D26A7}.Debug|x64.Build.0 = Debug|Any CPU
		{D96727B9-ADC1-4832-B768-62E6AC8D26A7}.Debug|x86.ActiveCfg = Debug|Any CPU
		{D96727B9-ADC1-4832-B768-62E6AC8D26A7}.Debug|x86.Build.0 = Debug|Any CPU
		{D96727B9-ADC1-4832-B768-62E6AC8D26A7}.Release|Any CPU.ActiveCfg = Release|Any CPU
		{D96727B9-ADC1-4832-B768-62E6AC8D26A7}.Release|Any CPU.Build.0 = Release|Any CPU
		{D96727B9-ADC1-4832-B768-62E6AC8D26A7}.Release|x64.ActiveCfg = Release|Any CPU
		{D96727B9-ADC1-4832-B768-62E6AC8D26A7}.Release|x64.Build.0 = Release|Any CPU
		{D96727B9-ADC1-4832-B768-62E6AC8D26A7}.Release|x86.ActiveCfg = Release|Any CPU
		{D96727B9-ADC1-4832-B768-62E6AC8D26A7}.Release|x86.Build.0 = Release|Any CPU
		{1B98537D-4813-43ED-B9F8-B067ABD2E5B8}.Debug|Any CPU.ActiveCfg = Debug|Any CPU
		{1B98537D-4813-43ED-B9F8-B067ABD2E5B8}.Debug|Any CPU.Build.0 = Debug|Any CPU
		{1B98537D-4813-43ED-B9F8-B067ABD2E5B8}.Debug|x64.ActiveCfg = Debug|Any CPU
		{1B98537D-4813-43ED-B9F8-B067ABD2E5B8}.Debug|x64.Build.0 = Debug|Any CPU
		{1B98537D-4813-43ED-B9F8-B067ABD2E5B8}.Debug|x86.ActiveCfg = Debug|Any CPU
		{1B98537D-4813-43ED-B9F8-B067ABD2E5B8}.Debug|x86.Build.0 = Debug|Any CPU
		{1B98537D-4813-43ED-B9F8-B067ABD2E5B8}.Release|Any CPU.ActiveCfg = Release|Any CPU
		{1B98537D-4813-43ED-B9F8-B067ABD2E5B8}.Release|Any CPU.Build.0 = Release|Any CPU
		{1B98537D-4813-43ED-B9F8-B067ABD2E5B8}.Release|x64.ActiveCfg = Release|Any CPU
		{1B98537D-4813-43ED-B9F8-B067ABD2E5B8}.Release|x64.Build.0 = Release|Any CPU
		{1B98537D-4813-43ED-B9F8-B067ABD2E5B8}.Release|x86.ActiveCfg = Release|Any CPU
		{1B98537D-4813-43ED-B9F8-B067ABD2E5B8}.Release|x86.Build.0 = Release|Any CPU
		{9BC04058-0EFA-4D54-A70A-8E3AB3A9BC11}.Debug|Any CPU.ActiveCfg = Debug|Any CPU
		{9BC04058-0EFA-4D54-A70A-8E3AB3A9BC11}.Debug|Any CPU.Build.0 = Debug|Any CPU
		{9BC04058-0EFA-4D54-A70A-8E3AB3A9BC11}.Debug|x64.ActiveCfg = Debug|Any CPU
		{9BC04058-0EFA-4D54-A70A-8E3AB3A9BC11}.Debug|x64.Build.0 = Debug|Any CPU
		{9BC04058-0EFA-4D54-A70A-8E3AB3A9BC11}.Debug|x86.ActiveCfg = Debug|Any CPU
		{9BC04058-0EFA-4D54-A70A-8E3AB3A9BC11}.Debug|x86.Build.0 = Debug|Any CPU
		{9BC04058-0EFA-4D54-A70A-8E3AB3A9BC11}.Release|Any CPU.ActiveCfg = Release|Any CPU
		{9BC04058-0EFA-4D54-A70A-8E3AB3A9BC11}.Release|Any CPU.Build.0 = Release|Any CPU
		{9BC04058-0EFA-4D54-A70A-8E3AB3A9BC11}.Release|x64.ActiveCfg = Release|Any CPU
		{9BC04058-0EFA-4D54-A70A-8E3AB3A9BC11}.Release|x64.Build.0 = Release|Any CPU
		{9BC04058-0EFA-4D54-A70A-8E3AB3A9BC11}.Release|x86.ActiveCfg = Release|Any CPU
		{9BC04058-0EFA-4D54-A70A-8E3AB3A9BC11}.Release|x86.Build.0 = Release|Any CPU
		{C00A7AAC-20B6-42BB-932C-D8D46D0DEEBF}.Debug|Any CPU.ActiveCfg = Debug|Any CPU
		{C00A7AAC-20B6-42BB-932C-D8D46D0DEEBF}.Debug|Any CPU.Build.0 = Debug|Any CPU
		{C00A7AAC-20B6-42BB-932C-D8D46D0DEEBF}.Debug|x64.ActiveCfg = Debug|Any CPU
		{C00A7AAC-20B6-42BB-932C-D8D46D0DEEBF}.Debug|x64.Build.0 = Debug|Any CPU
		{C00A7AAC-20B6-42BB-932C-D8D46D0DEEBF}.Debug|x86.ActiveCfg = Debug|Any CPU
		{C00A7AAC-20B6-42BB-932C-D8D46D0DEEBF}.Debug|x86.Build.0 = Debug|Any CPU
		{C00A7AAC-20B6-42BB-932C-D8D46D0DEEBF}.Release|Any CPU.ActiveCfg = Release|Any CPU
		{C00A7AAC-20B6-42BB-932C-D8D46D0DEEBF}.Release|Any CPU.Build.0 = Release|Any CPU
		{C00A7AAC-20B6-42BB-932C-D8D46D0DEEBF}.Release|x64.ActiveCfg = Release|Any CPU
		{C00A7AAC-20B6-42BB-932C-D8D46D0DEEBF}.Release|x64.Build.0 = Release|Any CPU
		{C00A7AAC-20B6-42BB-932C-D8D46D0DEEBF}.Release|x86.ActiveCfg = Release|Any CPU
		{C00A7AAC-20B6-42BB-932C-D8D46D0DEEBF}.Release|x86.Build.0 = Release|Any CPU
	EndGlobalSection
	GlobalSection(SolutionProperties) = preSolution
		HideSolutionNode = FALSE
	EndGlobalSection
	GlobalSection(NestedProjects) = preSolution
		{74860458-B9A1-4B30-9452-B7CB0B02814F} = {CE4D30E5-CFE2-4433-BF3D-F9E1E7971F86}
		{EAD9807E-2864-4622-97B8-5FC3B090A464} = {74860458-B9A1-4B30-9452-B7CB0B02814F}
		{A2B340A0-784C-492B-90A0-D522E949B9FF} = {74860458-B9A1-4B30-9452-B7CB0B02814F}
		{D96727B9-ADC1-4832-B768-62E6AC8D26A7} = {74860458-B9A1-4B30-9452-B7CB0B02814F}
		{1D99B9B6-3E48-4B36-9D45-6274E1CEF4AE} = {CE4D30E5-CFE2-4433-BF3D-F9E1E7971F86}
		{1B98537D-4813-43ED-B9F8-B067ABD2E5B8} = {1D99B9B6-3E48-4B36-9D45-6274E1CEF4AE}
		{9BC04058-0EFA-4D54-A70A-8E3AB3A9BC11} = {1D99B9B6-3E48-4B36-9D45-6274E1CEF4AE}
		{C00A7AAC-20B6-42BB-932C-D8D46D0DEEBF} = {1D99B9B6-3E48-4B36-9D45-6274E1CEF4AE}
	EndGlobalSection
	GlobalSection(ExtensibilityGlobals) = postSolution
		SolutionGuid = {70311A99-D57D-4125-A9D5-CC5801D6E6EC}
	EndGlobalSection
EndGlobal
